
Microsoft Visual Studio Solution File, Format Version 12.00
# Visual Studio Version 16
VisualStudioVersion = 16.0.30907.101
MinimumVisualStudioVersion = 10.0.40219.1
Project("{FAE04EC0-301F-11D3-BF4B-00C04F79EFBC}") = "TextRpg", "TextRpg.csproj", "{19802FC4-C07E-48DF-8377-DF028A15B7CB}"
EndProject
Global
	GlobalSection(SolutionConfigurationPlatforms) = preSolution
		Debug|Any CPU = Debug|Any CPU
		Release|Any CPU = Release|Any CPU
	EndGlobalSection
	GlobalSection(ProjectConfigurationPlatforms) = postSolution
		{19802FC4-C07E-48DF-8377-DF028A15B7CB}.Debug|Any CPU.ActiveCfg = Debug|Any CPU
		{19802FC4-C07E-48DF-8377-DF028A15B7CB}.Debug|Any CPU.Build.0 = Debug|Any CPU
		{19802FC4-C07E-48DF-8377-DF028A15B7CB}.Release|Any CPU.ActiveCfg = Release|Any CPU
		{19802FC4-C07E-48DF-8377-DF028A15B7CB}.Release|Any CPU.Build.0 = Release|Any CPU
	EndGlobalSection
	GlobalSection(SolutionProperties) = preSolution
		HideSolutionNode = FALSE
	EndGlobalSection
	GlobalSection(ExtensibilityGlobals) = postSolution
		SolutionGuid = {0268F3BE-8402-4221-B7F2-E16354AEE846}
	EndGlobalSection
EndGlobal
